
Microsoft Visual Studio Solution File, Format Version 12.00
# Visual Studio Version 16
VisualStudioVersion = 16.0.32106.194
MinimumVisualStudioVersion = 10.0.40219.1
Project("{FAE04EC0-301F-11D3-BF4B-00C04F79EFBC}") = "TimerLib", "TimerLib\TimerLib.csproj", "{18DE032C-BDDD-4B93-887B-7ECF84BA6D10}"
EndProject
Project("{FAE04EC0-301F-11D3-BF4B-00C04F79EFBC}") = "TimerUI", "TimerUI\TimerUI.csproj", "{CD656402-AFFD-4C0C-A810-10522266374E}"
EndProject
Project("{2150E333-8FDC-42A3-9474-1A3956D46DE8}") = "Solution Items", "Solution Items", "{53031219-8314-478C-9EA6-DF90D7E0BB66}"
	ProjectSection(SolutionItems) = preProject
		readme.txt = readme.txt
	EndProjectSection
EndProject
Global
	GlobalSection(SolutionConfigurationPlatforms) = preSolution
		Debug|Any CPU = Debug|Any CPU
		Release|Any CPU = Release|Any CPU
	EndGlobalSection
	GlobalSection(ProjectConfigurationPlatforms) = postSolution
		{18DE032C-BDDD-4B93-887B-7ECF84BA6D10}.Debug|Any CPU.ActiveCfg = Debug|Any CPU
		{18DE032C-BDDD-4B93-887B-7ECF84BA6D10}.Debug|Any CPU.Build.0 = Debug|Any CPU
		{18DE032C-BDDD-4B93-887B-7ECF84BA6D10}.Release|Any CPU.ActiveCfg = Release|Any CPU
		{18DE032C-BDDD-4B93-887B-7ECF84BA6D10}.Release|Any CPU.Build.0 = Release|Any CPU
		{CD656402-AFFD-4C0C-A810-10522266374E}.Debug|Any CPU.ActiveCfg = Debug|Any CPU
		{CD656402-AFFD-4C0C-A810-10522266374E}.Debug|Any CPU.Build.0 = Debug|Any CPU
		{CD656402-AFFD-4C0C-A810-10522266374E}.Release|Any CPU.ActiveCfg = Release|Any CPU
		{CD656402-AFFD-4C0C-A810-10522266374E}.Release|Any CPU.Build.0 = Release|Any CPU
	EndGlobalSection
	GlobalSection(SolutionProperties) = preSolution
		HideSolutionNode = FALSE
	EndGlobalSection
	GlobalSection(ExtensibilityGlobals) = postSolution
		SolutionGuid = {1DAE904F-EE1A-4C44-8256-4CF490A98120}
	EndGlobalSection
EndGlobal
