
Microsoft Visual Studio Solution File, Format Version 12.00
# Visual Studio Version 17
VisualStudioVersion = 17.0.31912.275
MinimumVisualStudioVersion = 10.0.40219.1
Project("{9A19103F-16F7-4668-BE54-9A1E7A4F7556}") = "StudentAttendanceUI", "StudentAttendanceUI\StudentAttendanceUI.csproj", "{A9EC152F-9985-41A7-8589-CF4AFAD16E65}"
EndProject
Project("{9A19103F-16F7-4668-BE54-9A1E7A4F7556}") = "StudentAttendanceLib", "StudentAttendanceLib\StudentAttendanceLib.csproj", "{F72E27B7-3B06-4B87-ADBE-419E1E913222}"
EndProject
Global
	GlobalSection(SolutionConfigurationPlatforms) = preSolution
		Debug|Any CPU = Debug|Any CPU
		Release|Any CPU = Release|Any CPU
	EndGlobalSection
	GlobalSection(ProjectConfigurationPlatforms) = postSolution
		{A9EC152F-9985-41A7-8589-CF4AFAD16E65}.Debug|Any CPU.ActiveCfg = Debug|Any CPU
		{A9EC152F-9985-41A7-8589-CF4AFAD16E65}.Debug|Any CPU.Build.0 = Debug|Any CPU
		{A9EC152F-9985-41A7-8589-CF4AFAD16E65}.Release|Any CPU.ActiveCfg = Release|Any CPU
		{A9EC152F-9985-41A7-8589-CF4AFAD16E65}.Release|Any CPU.Build.0 = Release|Any CPU
		{F72E27B7-3B06-4B87-ADBE-419E1E913222}.Debug|Any CPU.ActiveCfg = Debug|Any CPU
		{F72E27B7-3B06-4B87-ADBE-419E1E913222}.Debug|Any CPU.Build.0 = Debug|Any CPU
		{F72E27B7-3B06-4B87-ADBE-419E1E913222}.Release|Any CPU.ActiveCfg = Release|Any CPU
		{F72E27B7-3B06-4B87-ADBE-419E1E913222}.Release|Any CPU.Build.0 = Release|Any CPU
	EndGlobalSection
	GlobalSection(SolutionProperties) = preSolution
		HideSolutionNode = FALSE
	EndGlobalSection
	GlobalSection(ExtensibilityGlobals) = postSolution
		SolutionGuid = {76FEC99E-E29E-44C9-9771-AB1FD8CB09F4}
	EndGlobalSection
EndGlobal
