
Microsoft Visual Studio Solution File, Format Version 12.00
# Visual Studio Version 16
VisualStudioVersion = 16.0.32106.194
MinimumVisualStudioVersion = 10.0.40219.1
Project("{9A19103F-16F7-4668-BE54-9A1E7A4F7556}") = "GcdUI", "GcdUI\GcdUI.csproj", "{A8CEF68C-4B94-458F-ABD7-7B1ABB9CA111}"
EndProject
Project("{FAE04EC0-301F-11D3-BF4B-00C04F79EFBC}") = "GcdLib", "GcdLib\GcdLib.csproj", "{604154B8-10DE-443C-98C1-063BDE324A13}"
EndProject
Project("{FAE04EC0-301F-11D3-BF4B-00C04F79EFBC}") = "GcdLibTests", "GcdLibTests\GcdLibTests.csproj", "{3FC4F2A2-C1ED-4DEB-AE3A-57AC5D4C9C3A}"
EndProject
Project("{2150E333-8FDC-42A3-9474-1A3956D46DE8}") = "Solution Items", "Solution Items", "{2FE0ABAF-CD12-4CCE-9BE0-2C9EF0A687F9}"
	ProjectSection(SolutionItems) = preProject
		readme.txt = readme.txt
	EndProjectSection
EndProject
Global
	GlobalSection(SolutionConfigurationPlatforms) = preSolution
		Debug|Any CPU = Debug|Any CPU
		Release|Any CPU = Release|Any CPU
	EndGlobalSection
	GlobalSection(ProjectConfigurationPlatforms) = postSolution
		{A8CEF68C-4B94-458F-ABD7-7B1ABB9CA111}.Debug|Any CPU.ActiveCfg = Debug|Any CPU
		{A8CEF68C-4B94-458F-ABD7-7B1ABB9CA111}.Debug|Any CPU.Build.0 = Debug|Any CPU
		{A8CEF68C-4B94-458F-ABD7-7B1ABB9CA111}.Release|Any CPU.ActiveCfg = Release|Any CPU
		{A8CEF68C-4B94-458F-ABD7-7B1ABB9CA111}.Release|Any CPU.Build.0 = Release|Any CPU
		{604154B8-10DE-443C-98C1-063BDE324A13}.Debug|Any CPU.ActiveCfg = Debug|Any CPU
		{604154B8-10DE-443C-98C1-063BDE324A13}.Debug|Any CPU.Build.0 = Debug|Any CPU
		{604154B8-10DE-443C-98C1-063BDE324A13}.Release|Any CPU.ActiveCfg = Release|Any CPU
		{604154B8-10DE-443C-98C1-063BDE324A13}.Release|Any CPU.Build.0 = Release|Any CPU
		{3FC4F2A2-C1ED-4DEB-AE3A-57AC5D4C9C3A}.Debug|Any CPU.ActiveCfg = Debug|Any CPU
		{3FC4F2A2-C1ED-4DEB-AE3A-57AC5D4C9C3A}.Debug|Any CPU.Build.0 = Debug|Any CPU
		{3FC4F2A2-C1ED-4DEB-AE3A-57AC5D4C9C3A}.Release|Any CPU.ActiveCfg = Release|Any CPU
		{3FC4F2A2-C1ED-4DEB-AE3A-57AC5D4C9C3A}.Release|Any CPU.Build.0 = Release|Any CPU
	EndGlobalSection
	GlobalSection(SolutionProperties) = preSolution
		HideSolutionNode = FALSE
	EndGlobalSection
	GlobalSection(ExtensibilityGlobals) = postSolution
		SolutionGuid = {D7253FC1-7D70-49DE-AAC2-2C47477663B9}
	EndGlobalSection
EndGlobal
