
Microsoft Visual Studio Solution File, Format Version 12.00
# Visual Studio Version 16
VisualStudioVersion = 16.0.32106.194
MinimumVisualStudioVersion = 10.0.40219.1
Project("{9A19103F-16F7-4668-BE54-9A1E7A4F7556}") = "CodeTranslatorUI", "CodeTranslatorUI\CodeTranslatorUI.csproj", "{EB565FC6-1C00-499E-BDDF-B5D643E0EF0D}"
EndProject
Project("{9A19103F-16F7-4668-BE54-9A1E7A4F7556}") = "CodeTranslatorLib", "CodeTranslatorLib\CodeTranslatorLib.csproj", "{6342E472-9BBA-4504-B09F-445615C71124}"
EndProject
Project("{FAE04EC0-301F-11D3-BF4B-00C04F79EFBC}") = "FurnitureFabricLib", "FurnitureFabricLib\FurnitureFabricLib.csproj", "{67AE3FF0-C82A-40A0-B7C8-4E2A53BD3056}"
EndProject
Project("{FAE04EC0-301F-11D3-BF4B-00C04F79EFBC}") = "FurnitureFabricUI", "FurnitureFabricUI\FurnitureFabricUI.csproj", "{C8F1F221-9FE8-485F-BBFF-82AF64F7645F}"
EndProject
Project("{2150E333-8FDC-42A3-9474-1A3956D46DE8}") = "Solution Items", "Solution Items", "{C40725C4-6F2B-423C-97D0-070D2F061390}"
	ProjectSection(SolutionItems) = preProject
		readme.txt = readme.txt
	EndProjectSection
EndProject
Global
	GlobalSection(SolutionConfigurationPlatforms) = preSolution
		Debug|Any CPU = Debug|Any CPU
		Release|Any CPU = Release|Any CPU
	EndGlobalSection
	GlobalSection(ProjectConfigurationPlatforms) = postSolution
		{EB565FC6-1C00-499E-BDDF-B5D643E0EF0D}.Debug|Any CPU.ActiveCfg = Debug|Any CPU
		{EB565FC6-1C00-499E-BDDF-B5D643E0EF0D}.Debug|Any CPU.Build.0 = Debug|Any CPU
		{EB565FC6-1C00-499E-BDDF-B5D643E0EF0D}.Release|Any CPU.ActiveCfg = Release|Any CPU
		{EB565FC6-1C00-499E-BDDF-B5D643E0EF0D}.Release|Any CPU.Build.0 = Release|Any CPU
		{6342E472-9BBA-4504-B09F-445615C71124}.Debug|Any CPU.ActiveCfg = Debug|Any CPU
		{6342E472-9BBA-4504-B09F-445615C71124}.Debug|Any CPU.Build.0 = Debug|Any CPU
		{6342E472-9BBA-4504-B09F-445615C71124}.Release|Any CPU.ActiveCfg = Release|Any CPU
		{6342E472-9BBA-4504-B09F-445615C71124}.Release|Any CPU.Build.0 = Release|Any CPU
		{67AE3FF0-C82A-40A0-B7C8-4E2A53BD3056}.Debug|Any CPU.ActiveCfg = Debug|Any CPU
		{67AE3FF0-C82A-40A0-B7C8-4E2A53BD3056}.Debug|Any CPU.Build.0 = Debug|Any CPU
		{67AE3FF0-C82A-40A0-B7C8-4E2A53BD3056}.Release|Any CPU.ActiveCfg = Release|Any CPU
		{67AE3FF0-C82A-40A0-B7C8-4E2A53BD3056}.Release|Any CPU.Build.0 = Release|Any CPU
		{C8F1F221-9FE8-485F-BBFF-82AF64F7645F}.Debug|Any CPU.ActiveCfg = Debug|Any CPU
		{C8F1F221-9FE8-485F-BBFF-82AF64F7645F}.Debug|Any CPU.Build.0 = Debug|Any CPU
		{C8F1F221-9FE8-485F-BBFF-82AF64F7645F}.Release|Any CPU.ActiveCfg = Release|Any CPU
		{C8F1F221-9FE8-485F-BBFF-82AF64F7645F}.Release|Any CPU.Build.0 = Release|Any CPU
	EndGlobalSection
	GlobalSection(SolutionProperties) = preSolution
		HideSolutionNode = FALSE
	EndGlobalSection
	GlobalSection(ExtensibilityGlobals) = postSolution
		SolutionGuid = {6C11C7D1-DB23-45A7-98B2-671482A817D8}
	EndGlobalSection
EndGlobal
