
Microsoft Visual Studio Solution File, Format Version 12.00
# Visual Studio Version 17
VisualStudioVersion = 17.0.31912.275
MinimumVisualStudioVersion = 10.0.40219.1
Project("{FAE04EC0-301F-11D3-BF4B-00C04F79EFBC}") = "DBConnectorLib", "DBConnectorLib\DBConnectorLib.csproj", "{407BEC46-716B-427C-A36B-8D89F0E48CC8}"
EndProject
Project("{FAE04EC0-301F-11D3-BF4B-00C04F79EFBC}") = "DBConnectorUI", "DBConnectorUI\DBConnectorUI.csproj", "{7DD4A71F-EB7A-491B-85AA-AEF859606193}"
EndProject
Project("{2150E333-8FDC-42A3-9474-1A3956D46DE8}") = "Solution Items", "Solution Items", "{2281A153-1E1C-4BEF-84F9-D6765D1628E1}"
	ProjectSection(SolutionItems) = preProject
		readme.txt = readme.txt
	EndProjectSection
EndProject
Global
	GlobalSection(SolutionConfigurationPlatforms) = preSolution
		Debug|Any CPU = Debug|Any CPU
		Release|Any CPU = Release|Any CPU
	EndGlobalSection
	GlobalSection(ProjectConfigurationPlatforms) = postSolution
		{407BEC46-716B-427C-A36B-8D89F0E48CC8}.Debug|Any CPU.ActiveCfg = Debug|Any CPU
		{407BEC46-716B-427C-A36B-8D89F0E48CC8}.Debug|Any CPU.Build.0 = Debug|Any CPU
		{407BEC46-716B-427C-A36B-8D89F0E48CC8}.Release|Any CPU.ActiveCfg = Release|Any CPU
		{407BEC46-716B-427C-A36B-8D89F0E48CC8}.Release|Any CPU.Build.0 = Release|Any CPU
		{7DD4A71F-EB7A-491B-85AA-AEF859606193}.Debug|Any CPU.ActiveCfg = Debug|Any CPU
		{7DD4A71F-EB7A-491B-85AA-AEF859606193}.Debug|Any CPU.Build.0 = Debug|Any CPU
		{7DD4A71F-EB7A-491B-85AA-AEF859606193}.Release|Any CPU.ActiveCfg = Release|Any CPU
		{7DD4A71F-EB7A-491B-85AA-AEF859606193}.Release|Any CPU.Build.0 = Release|Any CPU
	EndGlobalSection
	GlobalSection(SolutionProperties) = preSolution
		HideSolutionNode = FALSE
	EndGlobalSection
	GlobalSection(ExtensibilityGlobals) = postSolution
		SolutionGuid = {E9174240-F2B8-461C-8C4A-E7C156F8EA8B}
	EndGlobalSection
EndGlobal
