
Microsoft Visual Studio Solution File, Format Version 12.00
# Visual Studio Version 16
VisualStudioVersion = 16.0.32106.194
MinimumVisualStudioVersion = 10.0.40219.1
Project("{9A19103F-16F7-4668-BE54-9A1E7A4F7556}") = "VectorLib", "VectorLib\VectorLib.csproj", "{4CF84F96-2BB0-4F04-BB2A-0D103EB7606D}"
EndProject
Project("{9A19103F-16F7-4668-BE54-9A1E7A4F7556}") = "VectorLibTests", "VectorLibTests\VectorLibTests.csproj", "{D000AD1B-A6AC-4D17-82C2-FD17E9019155}"
EndProject
Project("{9A19103F-16F7-4668-BE54-9A1E7A4F7556}") = "PolynomialLib", "PolynomialLib\PolynomialLib.csproj", "{90A00687-A20D-4DCA-8045-9914CCF2D41B}"
EndProject
Project("{FAE04EC0-301F-11D3-BF4B-00C04F79EFBC}") = "PolynomialLibTests", "PolynomialLibTests\PolynomialLibTests.csproj", "{2900D50B-9016-4345-9479-B666BF1AD6DA}"
EndProject
Project("{2150E333-8FDC-42A3-9474-1A3956D46DE8}") = "Solution Items", "Solution Items", "{8673D522-02D5-4D98-919C-3F7C2F2C3963}"
	ProjectSection(SolutionItems) = preProject
		readme.txt = readme.txt
	EndProjectSection
EndProject
Global
	GlobalSection(SolutionConfigurationPlatforms) = preSolution
		Debug|Any CPU = Debug|Any CPU
		Release|Any CPU = Release|Any CPU
	EndGlobalSection
	GlobalSection(ProjectConfigurationPlatforms) = postSolution
		{4CF84F96-2BB0-4F04-BB2A-0D103EB7606D}.Debug|Any CPU.ActiveCfg = Debug|Any CPU
		{4CF84F96-2BB0-4F04-BB2A-0D103EB7606D}.Debug|Any CPU.Build.0 = Debug|Any CPU
		{4CF84F96-2BB0-4F04-BB2A-0D103EB7606D}.Release|Any CPU.ActiveCfg = Release|Any CPU
		{4CF84F96-2BB0-4F04-BB2A-0D103EB7606D}.Release|Any CPU.Build.0 = Release|Any CPU
		{D000AD1B-A6AC-4D17-82C2-FD17E9019155}.Debug|Any CPU.ActiveCfg = Debug|Any CPU
		{D000AD1B-A6AC-4D17-82C2-FD17E9019155}.Debug|Any CPU.Build.0 = Debug|Any CPU
		{D000AD1B-A6AC-4D17-82C2-FD17E9019155}.Release|Any CPU.ActiveCfg = Release|Any CPU
		{D000AD1B-A6AC-4D17-82C2-FD17E9019155}.Release|Any CPU.Build.0 = Release|Any CPU
		{90A00687-A20D-4DCA-8045-9914CCF2D41B}.Debug|Any CPU.ActiveCfg = Debug|Any CPU
		{90A00687-A20D-4DCA-8045-9914CCF2D41B}.Debug|Any CPU.Build.0 = Debug|Any CPU
		{90A00687-A20D-4DCA-8045-9914CCF2D41B}.Release|Any CPU.ActiveCfg = Release|Any CPU
		{90A00687-A20D-4DCA-8045-9914CCF2D41B}.Release|Any CPU.Build.0 = Release|Any CPU
		{2900D50B-9016-4345-9479-B666BF1AD6DA}.Debug|Any CPU.ActiveCfg = Debug|Any CPU
		{2900D50B-9016-4345-9479-B666BF1AD6DA}.Debug|Any CPU.Build.0 = Debug|Any CPU
		{2900D50B-9016-4345-9479-B666BF1AD6DA}.Release|Any CPU.ActiveCfg = Release|Any CPU
		{2900D50B-9016-4345-9479-B666BF1AD6DA}.Release|Any CPU.Build.0 = Release|Any CPU
	EndGlobalSection
	GlobalSection(SolutionProperties) = preSolution
		HideSolutionNode = FALSE
	EndGlobalSection
	GlobalSection(ExtensibilityGlobals) = postSolution
		SolutionGuid = {5CD399A3-5287-452B-B6CE-8182BDF8C77D}
	EndGlobalSection
EndGlobal
